
Microsoft Visual Studio Solution File, Format Version 12.00
# Visual Studio Version 17
VisualStudioVersion = 17.1.32421.90
MinimumVisualStudioVersion = 10.0.40219.1
Project("{FAE04EC0-301F-11D3-BF4B-00C04F79EFBC}") = "GrpcService2", "GrpcService2.csproj", "{DC156392-FDB1-4B0D-B7A5-3F21F641E552}"
EndProject
Global
	GlobalSection(SolutionConfigurationPlatforms) = preSolution
		Debug|Any CPU = Debug|Any CPU
		Release|Any CPU = Release|Any CPU
	EndGlobalSection
	GlobalSection(ProjectConfigurationPlatforms) = postSolution
		{DC156392-FDB1-4B0D-B7A5-3F21F641E552}.Debug|Any CPU.ActiveCfg = Debug|Any CPU
		{DC156392-FDB1-4B0D-B7A5-3F21F641E552}.Debug|Any CPU.Build.0 = Debug|Any CPU
		{DC156392-FDB1-4B0D-B7A5-3F21F641E552}.Release|Any CPU.ActiveCfg = Release|Any CPU
		{DC156392-FDB1-4B0D-B7A5-3F21F641E552}.Release|Any CPU.Build.0 = Release|Any CPU
	EndGlobalSection
	GlobalSection(SolutionProperties) = preSolution
		HideSolutionNode = FALSE
	EndGlobalSection
	GlobalSection(ExtensibilityGlobals) = postSolution
		SolutionGuid = {14DC3E60-3E5A-499C-9F2B-788B8027B25C}
	EndGlobalSection
EndGlobal
